
Microsoft Visual Studio Solution File, Format Version 12.00
# Visual Studio Version 16
VisualStudioVersion = 16.0.32002.261
MinimumVisualStudioVersion = 10.0.40219.1
Project("{FAE04EC0-301F-11D3-BF4B-00C04F79EFBC}") = "YuneshPracticeSearch", "YuneshPracticeSearch\YuneshPracticeSearch.csproj", "{17539A0D-F4EE-4CA7-9596-C55479131F98}"
EndProject
Project("{FAE04EC0-301F-11D3-BF4B-00C04F79EFBC}") = "YuneshPracticeSearch.Data", "YuneshPracticeSearch.Data\YuneshPracticeSearch.Data.csproj", "{9C1F846A-D3A1-4723-8599-7FE4B3495E35}"
EndProject
Global
	GlobalSection(SolutionConfigurationPlatforms) = preSolution
		Debug|Any CPU = Debug|Any CPU
		Release|Any CPU = Release|Any CPU
	EndGlobalSection
	GlobalSection(ProjectConfigurationPlatforms) = postSolution
		{17539A0D-F4EE-4CA7-9596-C55479131F98}.Debug|Any CPU.ActiveCfg = Debug|Any CPU
		{17539A0D-F4EE-4CA7-9596-C55479131F98}.Debug|Any CPU.Build.0 = Debug|Any CPU
		{17539A0D-F4EE-4CA7-9596-C55479131F98}.Release|Any CPU.ActiveCfg = Release|Any CPU
		{17539A0D-F4EE-4CA7-9596-C55479131F98}.Release|Any CPU.Build.0 = Release|Any CPU
		{9C1F846A-D3A1-4723-8599-7FE4B3495E35}.Debug|Any CPU.ActiveCfg = Debug|Any CPU
		{9C1F846A-D3A1-4723-8599-7FE4B3495E35}.Debug|Any CPU.Build.0 = Debug|Any CPU
		{9C1F846A-D3A1-4723-8599-7FE4B3495E35}.Release|Any CPU.ActiveCfg = Release|Any CPU
		{9C1F846A-D3A1-4723-8599-7FE4B3495E35}.Release|Any CPU.Build.0 = Release|Any CPU
	EndGlobalSection
	GlobalSection(SolutionProperties) = preSolution
		HideSolutionNode = FALSE
	EndGlobalSection
	GlobalSection(ExtensibilityGlobals) = postSolution
		SolutionGuid = {D0E5DE1F-C51E-4C9F-A0DD-75ACE1F05502}
	EndGlobalSection
EndGlobal
